
Microsoft Visual Studio Solution File, Format Version 12.00
# Visual Studio Version 17
VisualStudioVersion = 17.13.35931.197 d17.13
MinimumVisualStudioVersion = 10.0.40219.1
Project("{FAE04EC0-301F-11D3-BF4B-00C04F79EFBC}") = "RestAPI", "RestAPI\RestAPI.csproj", "{9D461240-E542-43F9-8A22-2843AAE960F4}"
EndProject
Project("{FAE04EC0-301F-11D3-BF4B-00C04F79EFBC}") = "3HW", "3HW\3HW.csproj", "{7A98F150-DAFA-43C9-B2AC-CDAB26C864FB}"
EndProject
Project("{FAE04EC0-301F-11D3-BF4B-00C04F79EFBC}") = "4HW-LINQ", "4HW-LINQ\4HW-LINQ.csproj", "{5E49BE23-30D9-4377-95B0-044278891B2B}"
EndProject
Project("{FAE04EC0-301F-11D3-BF4B-00C04F79EFBC}") = "6HW-EF", "6HW-EF\6HW-EF.csproj", "{8655693D-4CB4-444A-9C35-C8E78E0B6889}"
EndProject
Project("{FAE04EC0-301F-11D3-BF4B-00C04F79EFBC}") = "7HW-FindExpertsTG", "7HW-FindExpertsTG\7HW-FindExpertsTG.csproj", "{FF10A2BC-5B96-42EB-AA4C-08BB819869DA}"
EndProject
Project("{FAE04EC0-301F-11D3-BF4B-00C04F79EFBC}") = "7HW-Libraries", "7HW-Libraries\7HW-Libraries.csproj", "{37333E78-FF01-4148-90C9-B6C5D41ECEDB}"
EndProject
Global
	GlobalSection(SolutionConfigurationPlatforms) = preSolution
		Debug|Any CPU = Debug|Any CPU
		Release|Any CPU = Release|Any CPU
	EndGlobalSection
	GlobalSection(ProjectConfigurationPlatforms) = postSolution
		{9D461240-E542-43F9-8A22-2843AAE960F4}.Debug|Any CPU.ActiveCfg = Debug|Any CPU
		{9D461240-E542-43F9-8A22-2843AAE960F4}.Debug|Any CPU.Build.0 = Debug|Any CPU
		{9D461240-E542-43F9-8A22-2843AAE960F4}.Release|Any CPU.ActiveCfg = Release|Any CPU
		{9D461240-E542-43F9-8A22-2843AAE960F4}.Release|Any CPU.Build.0 = Release|Any CPU
		{7A98F150-DAFA-43C9-B2AC-CDAB26C864FB}.Debug|Any CPU.ActiveCfg = Debug|Any CPU
		{7A98F150-DAFA-43C9-B2AC-CDAB26C864FB}.Debug|Any CPU.Build.0 = Debug|Any CPU
		{7A98F150-DAFA-43C9-B2AC-CDAB26C864FB}.Release|Any CPU.ActiveCfg = Release|Any CPU
		{7A98F150-DAFA-43C9-B2AC-CDAB26C864FB}.Release|Any CPU.Build.0 = Release|Any CPU
		{5E49BE23-30D9-4377-95B0-044278891B2B}.Debug|Any CPU.ActiveCfg = Debug|Any CPU
		{5E49BE23-30D9-4377-95B0-044278891B2B}.Debug|Any CPU.Build.0 = Debug|Any CPU
		{5E49BE23-30D9-4377-95B0-044278891B2B}.Release|Any CPU.ActiveCfg = Release|Any CPU
		{5E49BE23-30D9-4377-95B0-044278891B2B}.Release|Any CPU.Build.0 = Release|Any CPU
		{8655693D-4CB4-444A-9C35-C8E78E0B6889}.Debug|Any CPU.ActiveCfg = Debug|Any CPU
		{8655693D-4CB4-444A-9C35-C8E78E0B6889}.Debug|Any CPU.Build.0 = Debug|Any CPU
		{8655693D-4CB4-444A-9C35-C8E78E0B6889}.Release|Any CPU.ActiveCfg = Release|Any CPU
		{8655693D-4CB4-444A-9C35-C8E78E0B6889}.Release|Any CPU.Build.0 = Release|Any CPU
		{FF10A2BC-5B96-42EB-AA4C-08BB819869DA}.Debug|Any CPU.ActiveCfg = Debug|Any CPU
		{FF10A2BC-5B96-42EB-AA4C-08BB819869DA}.Debug|Any CPU.Build.0 = Debug|Any CPU
		{FF10A2BC-5B96-42EB-AA4C-08BB819869DA}.Release|Any CPU.ActiveCfg = Release|Any CPU
		{FF10A2BC-5B96-42EB-AA4C-08BB819869DA}.Release|Any CPU.Build.0 = Release|Any CPU
		{37333E78-FF01-4148-90C9-B6C5D41ECEDB}.Debug|Any CPU.ActiveCfg = Debug|Any CPU
		{37333E78-FF01-4148-90C9-B6C5D41ECEDB}.Debug|Any CPU.Build.0 = Debug|Any CPU
		{37333E78-FF01-4148-90C9-B6C5D41ECEDB}.Release|Any CPU.ActiveCfg = Release|Any CPU
		{37333E78-FF01-4148-90C9-B6C5D41ECEDB}.Release|Any CPU.Build.0 = Release|Any CPU
	EndGlobalSection
	GlobalSection(SolutionProperties) = preSolution
		HideSolutionNode = FALSE
	EndGlobalSection
	GlobalSection(ExtensibilityGlobals) = postSolution
		SolutionGuid = {0196A6BB-FC81-437A-B317-2BB96214399E}
	EndGlobalSection
EndGlobal
